
Microsoft Visual Studio Solution File, Format Version 12.00
# Visual Studio Version 16
VisualStudioVersion = 16.0.30517.126
MinimumVisualStudioVersion = 10.0.40219.1
Project("{FAE04EC0-301F-11D3-BF4B-00C04F79EFBC}") = "HelloWorld", "HelloWorld\HelloWorld.csproj", "{B5154510-9827-46A3-A8FC-384D404713EA}"
EndProject
Global
	GlobalSection(SolutionConfigurationPlatforms) = preSolution
		Debug|Any CPU = Debug|Any CPU
		Release|Any CPU = Release|Any CPU
	EndGlobalSection
	GlobalSection(ProjectConfigurationPlatforms) = postSolution
		{B5154510-9827-46A3-A8FC-384D404713EA}.Debug|Any CPU.ActiveCfg = Debug|Any CPU
		{B5154510-9827-46A3-A8FC-384D404713EA}.Debug|Any CPU.Build.0 = Debug|Any CPU
		{B5154510-9827-46A3-A8FC-384D404713EA}.Release|Any CPU.ActiveCfg = Release|Any CPU
		{B5154510-9827-46A3-A8FC-384D404713EA}.Release|Any CPU.Build.0 = Release|Any CPU
	EndGlobalSection
	GlobalSection(SolutionProperties) = preSolution
		HideSolutionNode = FALSE
	EndGlobalSection
	GlobalSection(ExtensibilityGlobals) = postSolution
		SolutionGuid = {15A3646D-EF09-4F65-A97F-6B63047C1020}
	EndGlobalSection
EndGlobal
